
Microsoft Visual Studio Solution File, Format Version 12.00
# Visual Studio 15
VisualStudioVersion = 15.0.28010.2003
MinimumVisualStudioVersion = 10.0.40219.1
Project("{9A19103F-16F7-4668-BE54-9A1E7A4F7556}") = "HCore-Amqp", "HCore-Amqp\HCore-Amqp.csproj", "{76169CC5-D1A7-4A0B-B219-5647F2C0B69D}"
EndProject
Project("{9A19103F-16F7-4668-BE54-9A1E7A4F7556}") = "HCore-Database", "HCore-Database\HCore-Database.csproj", "{F462B5A7-4071-4E49-ABD7-137C6F1B6E4A}"
EndProject
Project("{9A19103F-16F7-4668-BE54-9A1E7A4F7556}") = "HCore-Emailing", "HCore-Emailing\HCore-Emailing.csproj", "{3FEEF00F-D307-4324-9D8A-8B0F99CE7DD7}"
EndProject
Project("{9A19103F-16F7-4668-BE54-9A1E7A4F7556}") = "HCore-Identity", "HCore-Identity\HCore-Identity.csproj", "{17524E3A-6A66-4785-B2CE-A35B5A3BE67A}"
EndProject
Project("{9A19103F-16F7-4668-BE54-9A1E7A4F7556}") = "HCore-Identity-PagesUI-Classes", "HCore-Identity-PagesUI-Classes\HCore-Identity-PagesUI-Classes.csproj", "{2656A8F3-778C-4763-BBD2-7B7756CD906F}"
EndProject
Project("{9A19103F-16F7-4668-BE54-9A1E7A4F7556}") = "HCore-Identity-PagesUI-Views", "HCore-Identity-PagesUI-Views\HCore-Identity-PagesUI-Views.csproj", "{537091B1-DEE1-4F4A-87FB-C546652E5358}"
EndProject
Project("{9A19103F-16F7-4668-BE54-9A1E7A4F7556}") = "HCore-Cache", "HCore-Cache\HCore-Cache.csproj", "{4A55AE27-3FE5-4069-8303-21E34985A361}"
EndProject
Project("{9A19103F-16F7-4668-BE54-9A1E7A4F7556}") = "HCore-Rest", "HCore-Rest\HCore-Rest.csproj", "{13F1A704-A8C8-4856-BFE8-1DCF91C604A3}"
EndProject
Project("{9A19103F-16F7-4668-BE54-9A1E7A4F7556}") = "HCore-Templating", "HCore-Templating\HCore-Templating.csproj", "{79F56871-B770-4AF6-8AF7-EC621CF613E5}"
EndProject
Project("{9A19103F-16F7-4668-BE54-9A1E7A4F7556}") = "HCore-Translations", "HCore-Translations\HCore-Translations.csproj", "{0953D462-93AE-4897-9A82-7646427960D0}"
EndProject
Project("{9A19103F-16F7-4668-BE54-9A1E7A4F7556}") = "HCore-Web", "HCore-Web\HCore-Web.csproj", "{4EA53029-7994-47D2-91B5-3418140410DB}"
EndProject
Project("{9A19103F-16F7-4668-BE54-9A1E7A4F7556}") = "HCore-Tenants", "HCore-Tenants\HCore-Tenants.csproj", "{BEFB69D7-F78F-4207-8C0D-75835A1A0B4D}"
EndProject
Project("{9A19103F-16F7-4668-BE54-9A1E7A4F7556}") = "HCore-Scheduling", "HCore-Scheduling\HCore-Scheduling.csproj", "{43C13A3F-B722-430A-896E-B8BE26217512}"
EndProject
Project("{9A19103F-16F7-4668-BE54-9A1E7A4F7556}") = "HCore-Storage", "HCore-Storage\HCore-Storage.csproj", "{F0A97916-208C-49C9-A8C1-32732898C706}"
EndProject
Project("{9A19103F-16F7-4668-BE54-9A1E7A4F7556}") = "HCore-PagesUI-Classes", "HCore-PagesUI-Classes\HCore-PagesUI-Classes.csproj", "{635F1444-B58A-4D5A-8A22-C24AD3F28BA9}"
EndProject
Project("{9A19103F-16F7-4668-BE54-9A1E7A4F7556}") = "HCore-PagesUI-Views", "HCore-PagesUI-Views\HCore-PagesUI-Views.csproj", "{95586FCC-99C3-45A8-BC09-FABA24788ACE}"
EndProject
Global
	GlobalSection(SolutionConfigurationPlatforms) = preSolution
		Debug|Any CPU = Debug|Any CPU
		Release|Any CPU = Release|Any CPU
	EndGlobalSection
	GlobalSection(ProjectConfigurationPlatforms) = postSolution
		{76169CC5-D1A7-4A0B-B219-5647F2C0B69D}.Debug|Any CPU.ActiveCfg = Debug|Any CPU
		{76169CC5-D1A7-4A0B-B219-5647F2C0B69D}.Debug|Any CPU.Build.0 = Debug|Any CPU
		{76169CC5-D1A7-4A0B-B219-5647F2C0B69D}.Release|Any CPU.ActiveCfg = Release|Any CPU
		{76169CC5-D1A7-4A0B-B219-5647F2C0B69D}.Release|Any CPU.Build.0 = Release|Any CPU
		{F462B5A7-4071-4E49-ABD7-137C6F1B6E4A}.Debug|Any CPU.ActiveCfg = Debug|Any CPU
		{F462B5A7-4071-4E49-ABD7-137C6F1B6E4A}.Debug|Any CPU.Build.0 = Debug|Any CPU
		{F462B5A7-4071-4E49-ABD7-137C6F1B6E4A}.Release|Any CPU.ActiveCfg = Release|Any CPU
		{F462B5A7-4071-4E49-ABD7-137C6F1B6E4A}.Release|Any CPU.Build.0 = Release|Any CPU
		{3FEEF00F-D307-4324-9D8A-8B0F99CE7DD7}.Debug|Any CPU.ActiveCfg = Debug|Any CPU
		{3FEEF00F-D307-4324-9D8A-8B0F99CE7DD7}.Debug|Any CPU.Build.0 = Debug|Any CPU
		{3FEEF00F-D307-4324-9D8A-8B0F99CE7DD7}.Release|Any CPU.ActiveCfg = Release|Any CPU
		{3FEEF00F-D307-4324-9D8A-8B0F99CE7DD7}.Release|Any CPU.Build.0 = Release|Any CPU
		{17524E3A-6A66-4785-B2CE-A35B5A3BE67A}.Debug|Any CPU.ActiveCfg = Debug|Any CPU
		{17524E3A-6A66-4785-B2CE-A35B5A3BE67A}.Debug|Any CPU.Build.0 = Debug|Any CPU
		{17524E3A-6A66-4785-B2CE-A35B5A3BE67A}.Release|Any CPU.ActiveCfg = Release|Any CPU
		{17524E3A-6A66-4785-B2CE-A35B5A3BE67A}.Release|Any CPU.Build.0 = Release|Any CPU
		{2656A8F3-778C-4763-BBD2-7B7756CD906F}.Debug|Any CPU.ActiveCfg = Debug|Any CPU
		{2656A8F3-778C-4763-BBD2-7B7756CD906F}.Debug|Any CPU.Build.0 = Debug|Any CPU
		{2656A8F3-778C-4763-BBD2-7B7756CD906F}.Release|Any CPU.ActiveCfg = Release|Any CPU
		{2656A8F3-778C-4763-BBD2-7B7756CD906F}.Release|Any CPU.Build.0 = Release|Any CPU
		{537091B1-DEE1-4F4A-87FB-C546652E5358}.Debug|Any CPU.ActiveCfg = Debug|Any CPU
		{537091B1-DEE1-4F4A-87FB-C546652E5358}.Debug|Any CPU.Build.0 = Debug|Any CPU
		{537091B1-DEE1-4F4A-87FB-C546652E5358}.Release|Any CPU.ActiveCfg = Release|Any CPU
		{537091B1-DEE1-4F4A-87FB-C546652E5358}.Release|Any CPU.Build.0 = Release|Any CPU
		{4A55AE27-3FE5-4069-8303-21E34985A361}.Debug|Any CPU.ActiveCfg = Debug|Any CPU
		{4A55AE27-3FE5-4069-8303-21E34985A361}.Debug|Any CPU.Build.0 = Debug|Any CPU
		{4A55AE27-3FE5-4069-8303-21E34985A361}.Release|Any CPU.ActiveCfg = Release|Any CPU
		{4A55AE27-3FE5-4069-8303-21E34985A361}.Release|Any CPU.Build.0 = Release|Any CPU
		{13F1A704-A8C8-4856-BFE8-1DCF91C604A3}.Debug|Any CPU.ActiveCfg = Debug|Any CPU
		{13F1A704-A8C8-4856-BFE8-1DCF91C604A3}.Debug|Any CPU.Build.0 = Debug|Any CPU
		{13F1A704-A8C8-4856-BFE8-1DCF91C604A3}.Release|Any CPU.ActiveCfg = Release|Any CPU
		{13F1A704-A8C8-4856-BFE8-1DCF91C604A3}.Release|Any CPU.Build.0 = Release|Any CPU
		{79F56871-B770-4AF6-8AF7-EC621CF613E5}.Debug|Any CPU.ActiveCfg = Debug|Any CPU
		{79F56871-B770-4AF6-8AF7-EC621CF613E5}.Debug|Any CPU.Build.0 = Debug|Any CPU
		{79F56871-B770-4AF6-8AF7-EC621CF613E5}.Release|Any CPU.ActiveCfg = Release|Any CPU
		{79F56871-B770-4AF6-8AF7-EC621CF613E5}.Release|Any CPU.Build.0 = Release|Any CPU
		{0953D462-93AE-4897-9A82-7646427960D0}.Debug|Any CPU.ActiveCfg = Debug|Any CPU
		{0953D462-93AE-4897-9A82-7646427960D0}.Debug|Any CPU.Build.0 = Debug|Any CPU
		{0953D462-93AE-4897-9A82-7646427960D0}.Release|Any CPU.ActiveCfg = Release|Any CPU
		{0953D462-93AE-4897-9A82-7646427960D0}.Release|Any CPU.Build.0 = Release|Any CPU
		{4EA53029-7994-47D2-91B5-3418140410DB}.Debug|Any CPU.ActiveCfg = Debug|Any CPU
		{4EA53029-7994-47D2-91B5-3418140410DB}.Debug|Any CPU.Build.0 = Debug|Any CPU
		{4EA53029-7994-47D2-91B5-3418140410DB}.Release|Any CPU.ActiveCfg = Release|Any CPU
		{4EA53029-7994-47D2-91B5-3418140410DB}.Release|Any CPU.Build.0 = Release|Any CPU
		{BEFB69D7-F78F-4207-8C0D-75835A1A0B4D}.Debug|Any CPU.ActiveCfg = Debug|Any CPU
		{BEFB69D7-F78F-4207-8C0D-75835A1A0B4D}.Debug|Any CPU.Build.0 = Debug|Any CPU
		{BEFB69D7-F78F-4207-8C0D-75835A1A0B4D}.Release|Any CPU.ActiveCfg = Release|Any CPU
		{BEFB69D7-F78F-4207-8C0D-75835A1A0B4D}.Release|Any CPU.Build.0 = Release|Any CPU
		{43C13A3F-B722-430A-896E-B8BE26217512}.Debug|Any CPU.ActiveCfg = Debug|Any CPU
		{43C13A3F-B722-430A-896E-B8BE26217512}.Debug|Any CPU.Build.0 = Debug|Any CPU
		{43C13A3F-B722-430A-896E-B8BE26217512}.Release|Any CPU.ActiveCfg = Release|Any CPU
		{43C13A3F-B722-430A-896E-B8BE26217512}.Release|Any CPU.Build.0 = Release|Any CPU
		{F0A97916-208C-49C9-A8C1-32732898C706}.Debug|Any CPU.ActiveCfg = Debug|Any CPU
		{F0A97916-208C-49C9-A8C1-32732898C706}.Debug|Any CPU.Build.0 = Debug|Any CPU
		{F0A97916-208C-49C9-A8C1-32732898C706}.Release|Any CPU.ActiveCfg = Release|Any CPU
		{F0A97916-208C-49C9-A8C1-32732898C706}.Release|Any CPU.Build.0 = Release|Any CPU
		{635F1444-B58A-4D5A-8A22-C24AD3F28BA9}.Debug|Any CPU.ActiveCfg = Debug|Any CPU
		{635F1444-B58A-4D5A-8A22-C24AD3F28BA9}.Debug|Any CPU.Build.0 = Debug|Any CPU
		{635F1444-B58A-4D5A-8A22-C24AD3F28BA9}.Release|Any CPU.ActiveCfg = Release|Any CPU
		{635F1444-B58A-4D5A-8A22-C24AD3F28BA9}.Release|Any CPU.Build.0 = Release|Any CPU
		{95586FCC-99C3-45A8-BC09-FABA24788ACE}.Debug|Any CPU.ActiveCfg = Debug|Any CPU
		{95586FCC-99C3-45A8-BC09-FABA24788ACE}.Debug|Any CPU.Build.0 = Debug|Any CPU
		{95586FCC-99C3-45A8-BC09-FABA24788ACE}.Release|Any CPU.ActiveCfg = Release|Any CPU
		{95586FCC-99C3-45A8-BC09-FABA24788ACE}.Release|Any CPU.Build.0 = Release|Any CPU
	EndGlobalSection
	GlobalSection(SolutionProperties) = preSolution
		HideSolutionNode = FALSE
	EndGlobalSection
	GlobalSection(ExtensibilityGlobals) = postSolution
		SolutionGuid = {5744A354-FB02-4D7E-A2C3-1C6DF325D005}
	EndGlobalSection
EndGlobal
